
Microsoft Visual Studio Solution File, Format Version 12.00
# Visual Studio Version 17
VisualStudioVersion = 17.6.33723.286
MinimumVisualStudioVersion = 10.0.40219.1
Project("{FAE04EC0-301F-11D3-BF4B-00C04F79EFBC}") = "Product_Review_Management_Problem", "Product_Review_Management_Problem.csproj", "{B6C1D587-61EC-499F-B0FC-4454A9E07CF7}"
EndProject
Global
	GlobalSection(SolutionConfigurationPlatforms) = preSolution
		Debug|Any CPU = Debug|Any CPU
		Release|Any CPU = Release|Any CPU
	EndGlobalSection
	GlobalSection(ProjectConfigurationPlatforms) = postSolution
		{B6C1D587-61EC-499F-B0FC-4454A9E07CF7}.Debug|Any CPU.ActiveCfg = Debug|Any CPU
		{B6C1D587-61EC-499F-B0FC-4454A9E07CF7}.Debug|Any CPU.Build.0 = Debug|Any CPU
		{B6C1D587-61EC-499F-B0FC-4454A9E07CF7}.Release|Any CPU.ActiveCfg = Release|Any CPU
		{B6C1D587-61EC-499F-B0FC-4454A9E07CF7}.Release|Any CPU.Build.0 = Release|Any CPU
	EndGlobalSection
	GlobalSection(SolutionProperties) = preSolution
		HideSolutionNode = FALSE
	EndGlobalSection
	GlobalSection(ExtensibilityGlobals) = postSolution
		SolutionGuid = {35895043-C2ED-489E-AFF9-FD709FBD680F}
	EndGlobalSection
EndGlobal
